
Microsoft Visual Studio Solution File, Format Version 12.00
# Visual Studio Version 17
VisualStudioVersion = 17.10.35004.147
MinimumVisualStudioVersion = 10.0.40219.1
Project("{FAE04EC0-301F-11D3-BF4B-00C04F79EFBC}") = "ProyectoTienda", "ProyectoTienda.csproj", "{47747BD4-B5E8-41B7-A0F0-96CA44A9461C}"
EndProject
Project("{FAE04EC0-301F-11D3-BF4B-00C04F79EFBC}") = "Manejador", "Manejador\Manejador.csproj", "{7E175A36-C887-4D5C-A326-9838CC861DE0}"
EndProject
Project("{FAE04EC0-301F-11D3-BF4B-00C04F79EFBC}") = "AccesoDatos", "AccesoDatos\AccesoDatos.csproj", "{54DBE819-C5E3-4658-A5DB-3248B6B14D13}"
EndProject
Global
	GlobalSection(SolutionConfigurationPlatforms) = preSolution
		Debug|Any CPU = Debug|Any CPU
		Release|Any CPU = Release|Any CPU
	EndGlobalSection
	GlobalSection(ProjectConfigurationPlatforms) = postSolution
		{47747BD4-B5E8-41B7-A0F0-96CA44A9461C}.Debug|Any CPU.ActiveCfg = Debug|Any CPU
		{47747BD4-B5E8-41B7-A0F0-96CA44A9461C}.Debug|Any CPU.Build.0 = Debug|Any CPU
		{47747BD4-B5E8-41B7-A0F0-96CA44A9461C}.Release|Any CPU.ActiveCfg = Release|Any CPU
		{47747BD4-B5E8-41B7-A0F0-96CA44A9461C}.Release|Any CPU.Build.0 = Release|Any CPU
		{7E175A36-C887-4D5C-A326-9838CC861DE0}.Debug|Any CPU.ActiveCfg = Debug|Any CPU
		{7E175A36-C887-4D5C-A326-9838CC861DE0}.Debug|Any CPU.Build.0 = Debug|Any CPU
		{7E175A36-C887-4D5C-A326-9838CC861DE0}.Release|Any CPU.ActiveCfg = Release|Any CPU
		{7E175A36-C887-4D5C-A326-9838CC861DE0}.Release|Any CPU.Build.0 = Release|Any CPU
		{54DBE819-C5E3-4658-A5DB-3248B6B14D13}.Debug|Any CPU.ActiveCfg = Debug|Any CPU
		{54DBE819-C5E3-4658-A5DB-3248B6B14D13}.Debug|Any CPU.Build.0 = Debug|Any CPU
		{54DBE819-C5E3-4658-A5DB-3248B6B14D13}.Release|Any CPU.ActiveCfg = Release|Any CPU
		{54DBE819-C5E3-4658-A5DB-3248B6B14D13}.Release|Any CPU.Build.0 = Release|Any CPU
	EndGlobalSection
	GlobalSection(SolutionProperties) = preSolution
		HideSolutionNode = FALSE
	EndGlobalSection
	GlobalSection(ExtensibilityGlobals) = postSolution
		SolutionGuid = {518A935C-ED0F-41BD-B994-E2AB046EF395}
	EndGlobalSection
EndGlobal
